
Microsoft Visual Studio Solution File, Format Version 12.00
# Visual Studio Version 17
VisualStudioVersion = 17.5.002.0
MinimumVisualStudioVersion = 10.0.40219.1
Project("{9A19103F-16F7-4668-BE54-9A1E7A4F7556}") = "IComparable", "IComparable.csproj", "{9A523F4D-29D1-4C32-A24F-4D494511358F}"
EndProject
Global
	GlobalSection(SolutionConfigurationPlatforms) = preSolution
		Debug|Any CPU = Debug|Any CPU
		Release|Any CPU = Release|Any CPU
	EndGlobalSection
	GlobalSection(ProjectConfigurationPlatforms) = postSolution
		{9A523F4D-29D1-4C32-A24F-4D494511358F}.Debug|Any CPU.ActiveCfg = Debug|Any CPU
		{9A523F4D-29D1-4C32-A24F-4D494511358F}.Debug|Any CPU.Build.0 = Debug|Any CPU
		{9A523F4D-29D1-4C32-A24F-4D494511358F}.Release|Any CPU.ActiveCfg = Release|Any CPU
		{9A523F4D-29D1-4C32-A24F-4D494511358F}.Release|Any CPU.Build.0 = Release|Any CPU
	EndGlobalSection
	GlobalSection(SolutionProperties) = preSolution
		HideSolutionNode = FALSE
	EndGlobalSection
	GlobalSection(ExtensibilityGlobals) = postSolution
		SolutionGuid = {F1402D2F-0A53-45D8-8B61-08198FCB3411}
	EndGlobalSection
EndGlobal
